PODS:
  - SwiftPwnedPasswords (0.1.2)

DEPENDENCIES:
  - SwiftPwnedPasswords (from `../`)

EXTERNAL SOURCES:
  SwiftPwnedPasswords:
    :path: "../"

SPEC CHECKSUMS:
  SwiftPwnedPasswords: 297ebae12b21fe63e854ac28f798605302fb5556

PODFILE CHECKSUM: d788844d490c8950a5591d0efaac39a910b97e31

COCOAPODS: 1.7.0.rc.1
